{
  "version": 4,
  "terraform_version": "1.3.7",
  "serial": 9,
  "lineage": "eede672f-04a8-03a0-063a-6e8b16d9dd5a",
  "outputs": {
    "ami_id": {
      "value": "ami-0e2162f7f3582e92f",
      "type": "string"
    },
    "instance_id": {
      "value": "i-0cae571f513e8b1c9",
      "type": "string"
    },
    "instance_name": {
      "value": "Server",
      "type": "string"
    },
    "instance_public_dns": {
      "value": "ec2-54-175-179-101.compute-1.amazonaws.com",
      "type": "string"
    },
    "instance_public_ipv4": {
      "value": "54.175.179.101",
      "type": "string"
    }
  },
  "resources": [
    {
      "mode": "data",
      "type": "aws_ami",
      "name": "ubuntu",
      "provider": "provider[\"registry.terraform.io/hashicorp/aws\"]",
      "instances": [
        {
          "schema_version": 0,
          "attributes": {
            "architecture": "x86_64",
            "arn": "arn:aws:ec2:us-east-1::image/ami-0e2162f7f3582e92f",
            "block_device_mappings": [
              {
                "device_name": "/dev/sda1",
                "ebs": {
                  "delete_on_termination": "true",
                  "encrypted": "false",
                  "iops": "0",
                  "snapshot_id": "snap-0c488c17ef3960ad6",
                  "throughput": "0",
                  "volume_size": "8",
                  "volume_type": "gp2"
                },
                "no_device": "",
                "virtual_name": ""
              },
              {
                "device_name": "/dev/sdb",
                "ebs": {},
                "no_device": "",
                "virtual_name": "ephemeral0"
              },
              {
                "device_name": "/dev/sdc",
                "ebs": {},
                "no_device": "",
                "virtual_name": "ephemeral1"
              }
            ],
            "boot_mode": "",
            "creation_date": "2023-02-16T02:49:28.000Z",
            "deprecation_time": "2025-02-16T02:49:28.000Z",
            "description": "Canonical, Ubuntu, 22.04 LTS, amd64 jammy image build on 2023-02-16",
            "ena_support": true,
            "executable_users": null,
            "filter": [
              {
                "name": "name",
                "values": [
                  "ubuntu/images/hvm-ssd/ubuntu-jammy-22.04-amd64-server-*"
                ]
              },
              {
                "name": "virtualization-type",
                "values": [
                  "hvm"
                ]
              }
            ],
            "hypervisor": "xen",
            "id": "ami-0e2162f7f3582e92f",
            "image_id": "ami-0e2162f7f3582e92f",
            "image_location": "amazon/ubuntu/images/hvm-ssd/ubuntu-jammy-22.04-amd64-server-20230216",
            "image_owner_alias": "amazon",
            "image_type": "machine",
            "imds_support": "",
            "include_deprecated": false,
            "kernel_id": "",
            "most_recent": true,
            "name": "ubuntu/images/hvm-ssd/ubuntu-jammy-22.04-amd64-server-20230216",
            "name_regex": null,
            "owner_id": "099720109477",
            "owners": [
              "amazon"
            ],
            "platform": "",
            "platform_details": "Linux/UNIX",
            "product_codes": [],
            "public": true,
            "ramdisk_id": "",
            "root_device_name": "/dev/sda1",
            "root_device_type": "ebs",
            "root_snapshot_id": "snap-0c488c17ef3960ad6",
            "sriov_net_support": "simple",
            "state": "available",
            "state_reason": {
              "code": "UNSET",
              "message": "UNSET"
            },
            "tags": {},
            "timeouts": null,
            "tpm_support": "",
            "usage_operation": "RunInstances",
            "virtualization_type": "hvm"
          },
          "sensitive_attributes": []
        }
      ]
    },
    {
      "mode": "managed",
      "type": "aws_instance",
      "name": "server",
      "provider": "provider[\"registry.terraform.io/hashicorp/aws\"]",
      "instances": [
        {
          "schema_version": 1,
          "attributes": {
            "ami": "ami-0e2162f7f3582e92f",
            "arn": "arn:aws:ec2:us-east-1:676411932988:instance/i-0cae571f513e8b1c9",
            "associate_public_ip_address": true,
            "availability_zone": "us-east-1e",
            "capacity_reservation_specification": [
              {
                "capacity_reservation_preference": "open",
                "capacity_reservation_target": []
              }
            ],
            "cpu_core_count": 1,
            "cpu_threads_per_core": 1,
            "credit_specification": [
              {
                "cpu_credits": "standard"
              }
            ],
            "disable_api_stop": false,
            "disable_api_termination": false,
            "ebs_block_device": [],
            "ebs_optimized": false,
            "enclave_options": [
              {
                "enabled": false
              }
            ],
            "ephemeral_block_device": [],
            "get_password_data": false,
            "hibernation": false,
            "host_id": "",
            "host_resource_group_arn": null,
            "iam_instance_profile": "",
            "id": "i-0cae571f513e8b1c9",
            "instance_initiated_shutdown_behavior": "stop",
            "instance_state": "running",
            "instance_type": "t2.micro",
            "ipv6_address_count": 0,
            "ipv6_addresses": [],
            "key_name": "terraform-ansible-machine",
            "launch_template": [],
            "maintenance_options": [
              {
                "auto_recovery": "default"
              }
            ],
            "metadata_options": [
              {
                "http_endpoint": "enabled",
                "http_put_response_hop_limit": 1,
                "http_tokens": "optional",
                "instance_metadata_tags": "disabled"
              }
            ],
            "monitoring": false,
            "network_interface": [],
            "outpost_arn": "",
            "password_data": "",
            "placement_group": "",
            "placement_partition_number": 0,
            "primary_network_interface_id": "eni-0e1655840d5e51921",
            "private_dns": "ip-172-31-62-165.ec2.internal",
            "private_dns_name_options": [
              {
                "enable_resource_name_dns_a_record": false,
                "enable_resource_name_dns_aaaa_record": false,
                "hostname_type": "ip-name"
              }
            ],
            "private_ip": "172.31.62.165",
            "public_dns": "ec2-54-175-179-101.compute-1.amazonaws.com",
            "public_ip": "54.175.179.101",
            "root_block_device": [
              {
                "delete_on_termination": true,
                "device_name": "/dev/sda1",
                "encrypted": false,
                "iops": 100,
                "kms_key_id": "",
                "tags": {},
                "throughput": 0,
                "volume_id": "vol-08fd67f4db8e86f1e",
                "volume_size": 8,
                "volume_type": "gp2"
              }
            ],
            "secondary_private_ips": [],
            "security_groups": [
              "default"
            ],
            "source_dest_check": true,
            "subnet_id": "subnet-025614420c7363f73",
            "tags": {
              "Name": "Server"
            },
            "tags_all": {
              "Name": "Server"
            },
            "tenancy": "default",
            "timeouts": null,
            "user_data": null,
            "user_data_base64": null,
            "user_data_replace_on_change": false,
            "volume_tags": null,
            "vpc_security_group_ids": [
              "sg-05bc765746678aed8"
            ]
          },
          "sensitive_attributes": [],
          "private": "eyJlMmJmYjczMC1lY2FhLTExZTYtOGY4OC0zNDM2M2JjN2M0YzAiOnsiY3JlYXRlIjo2MDAwMDAwMDAwMDAsImRlbGV0ZSI6MTIwMDAwMDAwMDAwMCwidXBkYXRlIjo2MDAwMDAwMDAwMDB9LCJzY2hlbWFfdmVyc2lvbiI6IjEifQ==",
          "dependencies": [
            "data.aws_ami.ubuntu"
          ]
        }
      ]
    },
    {
      "mode": "managed",
      "type": "aws_key_pair",
      "name": "key",
      "provider": "provider[\"registry.terraform.io/hashicorp/aws\"]",
      "instances": [
        {
          "schema_version": 1,
          "attributes": {
            "arn": "arn:aws:ec2:us-east-1:676411932988:key-pair/terraform-ansible-machine",
            "fingerprint": "56:5e:66:fb:01:f3:25:97:71:44:1a:bc:55:db:7f:51",
            "id": "terraform-ansible-machine",
            "key_name": "terraform-ansible-machine",
            "key_name_prefix": "",
            "key_pair_id": "key-0c9df39d6cf510530",
            "key_type": "rsa",
            "public_key": "ssh-rsa AAAAB3NzaC1yc2EAAAADAQABAAABgQDpKhLmUdp0DEMQS1IpBBq1wVyeNFuvQcsbSpNWHTDdwhzbObKaSVx40K+Ts/F37zW/5hRLR+S9mZHCb7z995LRRdLGB6/B3ulltBzFupU8lVBUZgvvshZIUoNq2ICyhbdkzHy9fzeo3DfFJaXCLGXWTrhgOx+Kma6A3FEfHJW6s+pjjyfoJTE1NhIVQUvtWLxPnPQL92gW5TBi5Jw93blKtO/+laJsLqbwjnFkFJbkx4WHRQGyIyfX/s036me2JSyRK7dAAJw9aJzv3/KUtMhv5lA/waKYvctljS4VQDOqrMNA5Maf5MzzThfJtY/ueUwBGzvSLmgKe917ZrWVDmvYqI7s7JbvNaY3Vnj1GFi3Jyrb3eNa7mYN14idRz9rl5zMbZd6DigK32mwwa8nRyDM6W9NDM2OUNteOB5liZ3lHtRxgHqx7nfmcyBsBbA14/hKfOfcjG3oKLczkTi/4Hkt/71Adi7XADFFUXAHZpUq4KrXbbpvCuqbgj5xSJc2Tpc= root@vini",
            "tags": {},
            "tags_all": {}
          },
          "sensitive_attributes": [],
          "private": "eyJzY2hlbWFfdmVyc2lvbiI6IjEifQ=="
        }
      ]
    }
  ],
  "check_results": null
}
